
Microsoft Visual Studio Solution File, Format Version 12.00
# Visual Studio Version 17
VisualStudioVersion = 17.0.31903.59
MinimumVisualStudioVersion = 10.0.40219.1
Project("{FAE04EC0-301F-11D3-BF4B-00C04F79EFBC}") = "inicijalnaProvjera_1.dio-9.zadatak", "inicijalnaProvjera_1.dio-9.zadatak\inicijalnaProvjera_1.dio-9.zadatak.csproj", "{17A1A101-6016-4925-B2D2-00C2EAF7A4E6}"
EndProject
Global
	GlobalSection(SolutionConfigurationPlatforms) = preSolution
		Debug|Any CPU = Debug|Any CPU
		Release|Any CPU = Release|Any CPU
	EndGlobalSection
	GlobalSection(ProjectConfigurationPlatforms) = postSolution
		{17A1A101-6016-4925-B2D2-00C2EAF7A4E6}.Debug|Any CPU.ActiveCfg = Debug|Any CPU
		{17A1A101-6016-4925-B2D2-00C2EAF7A4E6}.Debug|Any CPU.Build.0 = Debug|Any CPU
		{17A1A101-6016-4925-B2D2-00C2EAF7A4E6}.Release|Any CPU.ActiveCfg = Release|Any CPU
		{17A1A101-6016-4925-B2D2-00C2EAF7A4E6}.Release|Any CPU.Build.0 = Release|Any CPU
	EndGlobalSection
	GlobalSection(SolutionProperties) = preSolution
		HideSolutionNode = FALSE
	EndGlobalSection
	GlobalSection(ExtensibilityGlobals) = postSolution
		SolutionGuid = {CBB8A5EA-8C46-439D-B76C-A863F25F7007}
	EndGlobalSection
EndGlobal
